
Microsoft Visual Studio Solution File, Format Version 9.00
# Visual Studio 2005
Project("{8BC9CEB8-8B4A-11D0-8D11-00A0C91BC942}") = "dsutil", "dsutil\dsutil.vcproj", "{5F6E4984-0E0A-468D-8EF5-AE52AE8CBBF6}"
EndProject
Project("{8BC9CEB8-8B4A-11D0-8D11-00A0C91BC942}") = "basevideofilter", "basevideofilter\basevideofilter.vcproj", "{B0CD35D2-65C8-48D0-BEC8-D235137F62F6}"
EndProject
Global
	GlobalSection(SolutionConfigurationPlatforms) = preSolution
		Debug|Win32 = Debug|Win32
		Release|Win32 = Release|Win32
	EndGlobalSection
	GlobalSection(ProjectConfigurationPlatforms) = postSolution
		{5F6E4984-0E0A-468D-8EF5-AE52AE8CBBF6}.Debug|Win32.ActiveCfg = Debug|Win32
		{5F6E4984-0E0A-468D-8EF5-AE52AE8CBBF6}.Debug|Win32.Build.0 = Debug|Win32
		{5F6E4984-0E0A-468D-8EF5-AE52AE8CBBF6}.Release|Win32.ActiveCfg = Release|Win32
		{5F6E4984-0E0A-468D-8EF5-AE52AE8CBBF6}.Release|Win32.Build.0 = Release|Win32
		{B0CD35D2-65C8-48D0-BEC8-D235137F62F6}.Debug|Win32.ActiveCfg = Debug|Win32
		{B0CD35D2-65C8-48D0-BEC8-D235137F62F6}.Debug|Win32.Build.0 = Debug|Win32
		{B0CD35D2-65C8-48D0-BEC8-D235137F62F6}.Release|Win32.ActiveCfg = Release|Win32
		{B0CD35D2-65C8-48D0-BEC8-D235137F62F6}.Release|Win32.Build.0 = Release|Win32
	EndGlobalSection
	GlobalSection(SolutionProperties) = preSolution
		HideSolutionNode = FALSE
	EndGlobalSection
EndGlobal
