
Microsoft Visual Studio Solution File, Format Version 10.00
# Visual Studio 2008
Project("{8BC9CEB8-8B4A-11D0-8D11-00A0C91BC942}") = "vsfilter_2008", "vsfilter_2008.vcproj", "{7A3950FD-A235-459A-ACA2-5170863CD32C}"
	ProjectSection(ProjectDependencies) = postProject
		{11B20554-2747-469C-9093-3345B1D99E0C} = {11B20554-2747-469C-9093-3345B1D99E0C}
		{5F6E4984-0E0A-468D-8EF5-AE52AE8CBBF6} = {5F6E4984-0E0A-468D-8EF5-AE52AE8CBBF6}
		{6BB08A9D-BBD3-433A-A6D9-079C84EBE270} = {6BB08A9D-BBD3-433A-A6D9-079C84EBE270}
		{B0CD35D2-65C8-48D0-BEC8-D235137F62F6} = {B0CD35D2-65C8-48D0-BEC8-D235137F62F6}
	EndProjectSection
EndProject
Project("{8BC9CEB8-8B4A-11D0-8D11-00A0C91BC942}") = "basevideofilter_2008", "basevideofilter\basevideofilter_2008.vcproj", "{B0CD35D2-65C8-48D0-BEC8-D235137F62F6}"
EndProject
Project("{8BC9CEB8-8B4A-11D0-8D11-00A0C91BC942}") = "dsutil_2008", "dsutil\dsutil_2008.vcproj", "{5F6E4984-0E0A-468D-8EF5-AE52AE8CBBF6}"
EndProject
Project("{8BC9CEB8-8B4A-11D0-8D11-00A0C91BC942}") = "libssf_2008", "libssf\libssf_2008.vcproj", "{971851AB-A612-4F2F-866F-F0FA152EFFB2}"
EndProject
Project("{8BC9CEB8-8B4A-11D0-8D11-00A0C91BC942}") = "subpic_2008", "subpic\subpic_2008.vcproj", "{11B20554-2747-469C-9093-3345B1D99E0C}"
EndProject
Project("{8BC9CEB8-8B4A-11D0-8D11-00A0C91BC942}") = "subtitles_2008", "subtitles\subtitles_2008.vcproj", "{6BB08A9D-BBD3-433A-A6D9-079C84EBE270}"
	ProjectSection(ProjectDependencies) = postProject
		{11B20554-2747-469C-9093-3345B1D99E0C} = {11B20554-2747-469C-9093-3345B1D99E0C}
		{971851AB-A612-4F2F-866F-F0FA152EFFB2} = {971851AB-A612-4F2F-866F-F0FA152EFFB2}
	EndProjectSection
EndProject
Global
	GlobalSection(SolutionConfigurationPlatforms) = preSolution
		Debug|Win32 = Debug|Win32
		Release|Win32 = Release|Win32
	EndGlobalSection
	GlobalSection(ProjectConfigurationPlatforms) = postSolution
		{7A3950FD-A235-459A-ACA2-5170863CD32C}.Debug|Win32.ActiveCfg = Debug|Win32
		{7A3950FD-A235-459A-ACA2-5170863CD32C}.Debug|Win32.Build.0 = Debug|Win32
		{7A3950FD-A235-459A-ACA2-5170863CD32C}.Release|Win32.ActiveCfg = Release|Win32
		{7A3950FD-A235-459A-ACA2-5170863CD32C}.Release|Win32.Build.0 = Release|Win32
		{B0CD35D2-65C8-48D0-BEC8-D235137F62F6}.Debug|Win32.ActiveCfg = Debug|Win32
		{B0CD35D2-65C8-48D0-BEC8-D235137F62F6}.Debug|Win32.Build.0 = Debug|Win32
		{B0CD35D2-65C8-48D0-BEC8-D235137F62F6}.Release|Win32.ActiveCfg = Release|Win32
		{B0CD35D2-65C8-48D0-BEC8-D235137F62F6}.Release|Win32.Build.0 = Release|Win32
		{5F6E4984-0E0A-468D-8EF5-AE52AE8CBBF6}.Debug|Win32.ActiveCfg = Debug|Win32
		{5F6E4984-0E0A-468D-8EF5-AE52AE8CBBF6}.Debug|Win32.Build.0 = Debug|Win32
		{5F6E4984-0E0A-468D-8EF5-AE52AE8CBBF6}.Release|Win32.ActiveCfg = Release|Win32
		{5F6E4984-0E0A-468D-8EF5-AE52AE8CBBF6}.Release|Win32.Build.0 = Release|Win32
		{971851AB-A612-4F2F-866F-F0FA152EFFB2}.Debug|Win32.ActiveCfg = Debug|Win32
		{971851AB-A612-4F2F-866F-F0FA152EFFB2}.Debug|Win32.Build.0 = Debug|Win32
		{971851AB-A612-4F2F-866F-F0FA152EFFB2}.Release|Win32.ActiveCfg = Release|Win32
		{971851AB-A612-4F2F-866F-F0FA152EFFB2}.Release|Win32.Build.0 = Release|Win32
		{11B20554-2747-469C-9093-3345B1D99E0C}.Debug|Win32.ActiveCfg = Debug|Win32
		{11B20554-2747-469C-9093-3345B1D99E0C}.Debug|Win32.Build.0 = Debug|Win32
		{11B20554-2747-469C-9093-3345B1D99E0C}.Release|Win32.ActiveCfg = Release|Win32
		{11B20554-2747-469C-9093-3345B1D99E0C}.Release|Win32.Build.0 = Release|Win32
		{6BB08A9D-BBD3-433A-A6D9-079C84EBE270}.Debug|Win32.ActiveCfg = Debug|Win32
		{6BB08A9D-BBD3-433A-A6D9-079C84EBE270}.Debug|Win32.Build.0 = Debug|Win32
		{6BB08A9D-BBD3-433A-A6D9-079C84EBE270}.Release|Win32.ActiveCfg = Release|Win32
		{6BB08A9D-BBD3-433A-A6D9-079C84EBE270}.Release|Win32.Build.0 = Release|Win32
	EndGlobalSection
	GlobalSection(SolutionProperties) = preSolution
		HideSolutionNode = FALSE
	EndGlobalSection
EndGlobal
