
Microsoft Visual Studio Solution File, Format Version 10.00
# Visual Studio 2008
Project("{8BC9CEB8-8B4A-11D0-8D11-00A0C91BC942}") = "aegisub_vs2008", "..\..\build\aegisub_vs2008\aegisub_vs2008.vcproj", "{65C67A5D-D31C-4DB6-965B-69AF7EFA4B5A}"
	ProjectSection(ProjectDependencies) = postProject
		{4294BC27-91AC-4642-B5E1-042288478C2A} = {4294BC27-91AC-4642-B5E1-042288478C2A}
		{2FDF2466-4377-47F9-A1DA-FEE3F6A1AD05} = {2FDF2466-4377-47F9-A1DA-FEE3F6A1AD05}
		{1809269E-6E14-47E8-A9D0-147877EBCDBC} = {1809269E-6E14-47E8-A9D0-147877EBCDBC}
		{7BECBDEF-9935-4E9D-8958-CCAA39D8B178} = {7BECBDEF-9935-4E9D-8958-CCAA39D8B178}
	EndProjectSection
EndProject
Project("{8BC9CEB8-8B4A-11D0-8D11-00A0C91BC942}") = "universalcharset_2008", "..\..\universalchardet\universalcharset_2008.vcproj", "{6B6028DA-8702-4853-8FF1-B55BEDD4C8DB}"
EndProject
Project("{8BC9CEB8-8B4A-11D0-8D11-00A0C91BC942}") = "csri_2008", "..\..\..\contrib\csri\csri_2008.vcproj", "{4294BC27-91AC-4642-B5E1-042288478C2A}"
EndProject
Project("{8BC9CEB8-8B4A-11D0-8D11-00A0C91BC942}") = "libhunspell_2008", "..\..\..\contrib\hunspell\src\win_api\libhunspell_2008.vcproj", "{53609BB3-D874-465C-AF7B-DF626DB0D89B}"
EndProject
Project("{8BC9CEB8-8B4A-11D0-8D11-00A0C91BC942}") = "lua51_vc9", "..\..\..\contrib\lua51\lua51_vc9.vcproj", "{1809269E-6E14-47E8-A9D0-147877EBCDBC}"
EndProject
Project("{8BC9CEB8-8B4A-11D0-8D11-00A0C91BC942}") = "iconv_2008", "..\..\..\contrib\iconv\iconv.vcproj", "{C2010153-4F34-476F-A903-DD7CE28EDFF8}"
EndProject
Project("{8BC9CEB8-8B4A-11D0-8D11-00A0C91BC942}") = "respack_2008", "..\..\tools\common-respack.vcproj", "{2FDF2466-4377-47F9-A1DA-FEE3F6A1AD05}"
EndProject
Project("{8BC9CEB8-8B4A-11D0-8D11-00A0C91BC942}") = "libaegisub_vs2008", "..\..\build\libaegisub_vs2008\libaegisub_vs2008.vcproj", "{7BECBDEF-9935-4E9D-8958-CCAA39D8B178}"
	ProjectSection(ProjectDependencies) = postProject
		{C2010153-4F34-476F-A903-DD7CE28EDFF8} = {C2010153-4F34-476F-A903-DD7CE28EDFF8}
		{53609BB3-D874-465C-AF7B-DF626DB0D89B} = {53609BB3-D874-465C-AF7B-DF626DB0D89B}
		{6B6028DA-8702-4853-8FF1-B55BEDD4C8DB} = {6B6028DA-8702-4853-8FF1-B55BEDD4C8DB}
	EndProjectSection
EndProject
Global
	GlobalSection(SolutionConfigurationPlatforms) = preSolution
		Debug|Win32 = Debug|Win32
		Debug|x64 = Debug|x64
		Release|Win32 = Release|Win32
		Release|x64 = Release|x64
	EndGlobalSection
	GlobalSection(ProjectConfigurationPlatforms) = postSolution
		{65C67A5D-D31C-4DB6-965B-69AF7EFA4B5A}.Debug|Win32.ActiveCfg = Debug|Win32
		{65C67A5D-D31C-4DB6-965B-69AF7EFA4B5A}.Debug|Win32.Build.0 = Debug|Win32
		{65C67A5D-D31C-4DB6-965B-69AF7EFA4B5A}.Debug|x64.ActiveCfg = Debug|x64
		{65C67A5D-D31C-4DB6-965B-69AF7EFA4B5A}.Debug|x64.Build.0 = Debug|x64
		{65C67A5D-D31C-4DB6-965B-69AF7EFA4B5A}.Release|Win32.ActiveCfg = Release|Win32
		{65C67A5D-D31C-4DB6-965B-69AF7EFA4B5A}.Release|Win32.Build.0 = Release|Win32
		{65C67A5D-D31C-4DB6-965B-69AF7EFA4B5A}.Release|x64.ActiveCfg = Release|x64
		{65C67A5D-D31C-4DB6-965B-69AF7EFA4B5A}.Release|x64.Build.0 = Release|x64
		{6B6028DA-8702-4853-8FF1-B55BEDD4C8DB}.Debug|Win32.ActiveCfg = Debug|Win32
		{6B6028DA-8702-4853-8FF1-B55BEDD4C8DB}.Debug|Win32.Build.0 = Debug|Win32
		{6B6028DA-8702-4853-8FF1-B55BEDD4C8DB}.Debug|x64.ActiveCfg = Debug|x64
		{6B6028DA-8702-4853-8FF1-B55BEDD4C8DB}.Debug|x64.Build.0 = Debug|x64
		{6B6028DA-8702-4853-8FF1-B55BEDD4C8DB}.Release|Win32.ActiveCfg = Release|Win32
		{6B6028DA-8702-4853-8FF1-B55BEDD4C8DB}.Release|Win32.Build.0 = Release|Win32
		{6B6028DA-8702-4853-8FF1-B55BEDD4C8DB}.Release|x64.ActiveCfg = Release|x64
		{6B6028DA-8702-4853-8FF1-B55BEDD4C8DB}.Release|x64.Build.0 = Release|x64
		{4294BC27-91AC-4642-B5E1-042288478C2A}.Debug|Win32.ActiveCfg = Debug|Win32
		{4294BC27-91AC-4642-B5E1-042288478C2A}.Debug|Win32.Build.0 = Debug|Win32
		{4294BC27-91AC-4642-B5E1-042288478C2A}.Debug|x64.ActiveCfg = Debug|x64
		{4294BC27-91AC-4642-B5E1-042288478C2A}.Debug|x64.Build.0 = Debug|x64
		{4294BC27-91AC-4642-B5E1-042288478C2A}.Release|Win32.ActiveCfg = Release|Win32
		{4294BC27-91AC-4642-B5E1-042288478C2A}.Release|Win32.Build.0 = Release|Win32
		{4294BC27-91AC-4642-B5E1-042288478C2A}.Release|x64.ActiveCfg = Release|x64
		{4294BC27-91AC-4642-B5E1-042288478C2A}.Release|x64.Build.0 = Release|x64
		{53609BB3-D874-465C-AF7B-DF626DB0D89B}.Debug|Win32.ActiveCfg = Debug|Win32
		{53609BB3-D874-465C-AF7B-DF626DB0D89B}.Debug|Win32.Build.0 = Debug|Win32
		{53609BB3-D874-465C-AF7B-DF626DB0D89B}.Debug|x64.ActiveCfg = Debug|x64
		{53609BB3-D874-465C-AF7B-DF626DB0D89B}.Debug|x64.Build.0 = Debug|x64
		{53609BB3-D874-465C-AF7B-DF626DB0D89B}.Release|Win32.ActiveCfg = Release|Win32
		{53609BB3-D874-465C-AF7B-DF626DB0D89B}.Release|Win32.Build.0 = Release|Win32
		{53609BB3-D874-465C-AF7B-DF626DB0D89B}.Release|x64.ActiveCfg = Release|x64
		{53609BB3-D874-465C-AF7B-DF626DB0D89B}.Release|x64.Build.0 = Release|x64
		{1809269E-6E14-47E8-A9D0-147877EBCDBC}.Debug|Win32.ActiveCfg = Debug|Win32
		{1809269E-6E14-47E8-A9D0-147877EBCDBC}.Debug|Win32.Build.0 = Debug|Win32
		{1809269E-6E14-47E8-A9D0-147877EBCDBC}.Debug|x64.ActiveCfg = Debug|x64
		{1809269E-6E14-47E8-A9D0-147877EBCDBC}.Debug|x64.Build.0 = Debug|x64
		{1809269E-6E14-47E8-A9D0-147877EBCDBC}.Release|Win32.ActiveCfg = Release|Win32
		{1809269E-6E14-47E8-A9D0-147877EBCDBC}.Release|Win32.Build.0 = Release|Win32
		{1809269E-6E14-47E8-A9D0-147877EBCDBC}.Release|x64.ActiveCfg = Release|x64
		{1809269E-6E14-47E8-A9D0-147877EBCDBC}.Release|x64.Build.0 = Release|x64
		{C2010153-4F34-476F-A903-DD7CE28EDFF8}.Debug|Win32.ActiveCfg = Debug|Win32
		{C2010153-4F34-476F-A903-DD7CE28EDFF8}.Debug|Win32.Build.0 = Debug|Win32
		{C2010153-4F34-476F-A903-DD7CE28EDFF8}.Debug|x64.ActiveCfg = Debug|x64
		{C2010153-4F34-476F-A903-DD7CE28EDFF8}.Debug|x64.Build.0 = Debug|x64
		{C2010153-4F34-476F-A903-DD7CE28EDFF8}.Release|Win32.ActiveCfg = Release|Win32
		{C2010153-4F34-476F-A903-DD7CE28EDFF8}.Release|Win32.Build.0 = Release|Win32
		{C2010153-4F34-476F-A903-DD7CE28EDFF8}.Release|x64.ActiveCfg = Release|x64
		{C2010153-4F34-476F-A903-DD7CE28EDFF8}.Release|x64.Build.0 = Release|x64
		{2FDF2466-4377-47F9-A1DA-FEE3F6A1AD05}.Debug|Win32.ActiveCfg = Debug|Win32
		{2FDF2466-4377-47F9-A1DA-FEE3F6A1AD05}.Debug|Win32.Build.0 = Debug|Win32
		{2FDF2466-4377-47F9-A1DA-FEE3F6A1AD05}.Debug|x64.ActiveCfg = Debug|x64
		{2FDF2466-4377-47F9-A1DA-FEE3F6A1AD05}.Debug|x64.Build.0 = Debug|x64
		{2FDF2466-4377-47F9-A1DA-FEE3F6A1AD05}.Release|Win32.ActiveCfg = Release|Win32
		{2FDF2466-4377-47F9-A1DA-FEE3F6A1AD05}.Release|Win32.Build.0 = Release|Win32
		{2FDF2466-4377-47F9-A1DA-FEE3F6A1AD05}.Release|x64.ActiveCfg = Release|x64
		{2FDF2466-4377-47F9-A1DA-FEE3F6A1AD05}.Release|x64.Build.0 = Release|x64
		{7BECBDEF-9935-4E9D-8958-CCAA39D8B178}.Debug|Win32.ActiveCfg = Debug|Win32
		{7BECBDEF-9935-4E9D-8958-CCAA39D8B178}.Debug|Win32.Build.0 = Debug|Win32
		{7BECBDEF-9935-4E9D-8958-CCAA39D8B178}.Debug|x64.ActiveCfg = Debug|x64
		{7BECBDEF-9935-4E9D-8958-CCAA39D8B178}.Debug|x64.Build.0 = Debug|x64
		{7BECBDEF-9935-4E9D-8958-CCAA39D8B178}.Release|Win32.ActiveCfg = Release|Win32
		{7BECBDEF-9935-4E9D-8958-CCAA39D8B178}.Release|Win32.Build.0 = Release|Win32
		{7BECBDEF-9935-4E9D-8958-CCAA39D8B178}.Release|x64.ActiveCfg = Release|x64
		{7BECBDEF-9935-4E9D-8958-CCAA39D8B178}.Release|x64.Build.0 = Release|x64
	EndGlobalSection
	GlobalSection(SolutionProperties) = preSolution
		HideSolutionNode = FALSE
	EndGlobalSection
EndGlobal
